# This file is automatically @generated by Cargo.
# It is not intended for manual editing.
version = 4

[[package]]
name = "another-dimension"
version = "0.1.0"
dependencies = [
 "another-dimension-core",
 "another-dimension-crypto",
 "another-dimension-identity",
 "another-dimension-pairing",
]

[[package]]
name = "another-dimension-core"
version = "0.1.0"
dependencies = [
 "another-dimension-crypto",
 "another-dimension-identity",
 "another-dimension-pairing",
 "another-dimension-protocol",
 "another-dimension-storage",
 "another-dimension-transport",
]

[[package]]
name = "another-dimension-crypto"
version = "0.1.0"
dependencies = [
 "another-dimension-protocol",
]

[[package]]
name = "another-dimension-identity"
version = "0.1.0"

[[package]]
name = "another-dimension-pairing"
version = "0.1.0"
dependencies = [
 "another-dimension-identity",
]

[[package]]
name = "another-dimension-protocol"
version = "0.1.0"

[[package]]
name = "another-dimension-storage"
version = "0.1.0"
dependencies = [
 "another-dimension-identity",
 "another-dimension-pairing",
 "another-dimension-protocol",
]

[[package]]
name = "another-dimension-transport"
version = "0.1.0"
dependencies = [
 "another-dimension-identity",
 "another-dimension-protocol",
 "another-dimension-storage",
]
